
Microsoft Visual Studio Solution File, Format Version 12.00
# Visual Studio Version 17
VisualStudioVersion = 17.13.35825.156
MinimumVisualStudioVersion = 10.0.40219.1
Project("{FAE04EC0-301F-11D3-BF4B-00C04F79EFBC}") = "MES.API", "MES.API.csproj", "{0CB09320-484E-42D5-934C-1467F2B35094}"
EndProject
Project("{FAE04EC0-301F-11D3-BF4B-00C04F79EFBC}") = "MES.Business", "..\MES.Business\MES.Business.csproj", "{431F2565-30E0-4A8D-B15A-7F3EDC96675C}"
EndProject
Project("{FAE04EC0-301F-11D3-BF4B-00C04F79EFBC}") = "MES.Data", "..\MES.Data\MES.Data.csproj", "{9038F535-AF4A-5F35-6483-E5B8957BBADA}"
EndProject
Project("{FAE04EC0-301F-11D3-BF4B-00C04F79EFBC}") = "MES.Integration", "..\MES.Integration\MES.Integration.csproj", "{C9331E85-2D61-DBE0-8F84-3F0A54D36018}"
EndProject
Project("{FAE04EC0-301F-11D3-BF4B-00C04F79EFBC}") = "MES.Shared", "..\MES.Shared\MES.Shared.csproj", "{FD36416E-63F4-674A-BFC9-4785153752EC}"
EndProject
Global
	GlobalSection(SolutionConfigurationPlatforms) = preSolution
		Debug|Any CPU = Debug|Any CPU
		Release|Any CPU = Release|Any CPU
	EndGlobalSection
	GlobalSection(ProjectConfigurationPlatforms) = postSolution
		{0CB09320-484E-42D5-934C-1467F2B35094}.Debug|Any CPU.ActiveCfg = Debug|Any CPU
		{0CB09320-484E-42D5-934C-1467F2B35094}.Debug|Any CPU.Build.0 = Debug|Any CPU
		{0CB09320-484E-42D5-934C-1467F2B35094}.Release|Any CPU.ActiveCfg = Release|Any CPU
		{0CB09320-484E-42D5-934C-1467F2B35094}.Release|Any CPU.Build.0 = Release|Any CPU
		{431F2565-30E0-4A8D-B15A-7F3EDC96675C}.Debug|Any CPU.ActiveCfg = Debug|Any CPU
		{431F2565-30E0-4A8D-B15A-7F3EDC96675C}.Debug|Any CPU.Build.0 = Debug|Any CPU
		{431F2565-30E0-4A8D-B15A-7F3EDC96675C}.Release|Any CPU.ActiveCfg = Release|Any CPU
		{431F2565-30E0-4A8D-B15A-7F3EDC96675C}.Release|Any CPU.Build.0 = Release|Any CPU
		{9038F535-AF4A-5F35-6483-E5B8957BBADA}.Debug|Any CPU.ActiveCfg = Debug|Any CPU
		{9038F535-AF4A-5F35-6483-E5B8957BBADA}.Debug|Any CPU.Build.0 = Debug|Any CPU
		{9038F535-AF4A-5F35-6483-E5B8957BBADA}.Release|Any CPU.ActiveCfg = Release|Any CPU
		{9038F535-AF4A-5F35-6483-E5B8957BBADA}.Release|Any CPU.Build.0 = Release|Any CPU
		{C9331E85-2D61-DBE0-8F84-3F0A54D36018}.Debug|Any CPU.ActiveCfg = Debug|Any CPU
		{C9331E85-2D61-DBE0-8F84-3F0A54D36018}.Debug|Any CPU.Build.0 = Debug|Any CPU
		{C9331E85-2D61-DBE0-8F84-3F0A54D36018}.Release|Any CPU.ActiveCfg = Release|Any CPU
		{C9331E85-2D61-DBE0-8F84-3F0A54D36018}.Release|Any CPU.Build.0 = Release|Any CPU
		{FD36416E-63F4-674A-BFC9-4785153752EC}.Debug|Any CPU.ActiveCfg = Debug|Any CPU
		{FD36416E-63F4-674A-BFC9-4785153752EC}.Debug|Any CPU.Build.0 = Debug|Any CPU
		{FD36416E-63F4-674A-BFC9-4785153752EC}.Release|Any CPU.ActiveCfg = Release|Any CPU
		{FD36416E-63F4-674A-BFC9-4785153752EC}.Release|Any CPU.Build.0 = Release|Any CPU
	EndGlobalSection
	GlobalSection(SolutionProperties) = preSolution
		HideSolutionNode = FALSE
	EndGlobalSection
	GlobalSection(ExtensibilityGlobals) = postSolution
		SolutionGuid = {CF7127D8-ED84-4B3C-94B5-829632D38A44}
	EndGlobalSection
EndGlobal
